schema: '2.0'
stages:
  fetch_data:
    cmd: python -m src.fetch_data
    deps:
    - path: params.yaml
      hash: md5
      md5: b1d6b5e45c75bfbeaba165c770e4fbee
      size: 3376
    - path: src/config.py
      hash: md5
      md5: e5812165483bc2f2a56b776ea7c1913d
      size: 299
    - path: src/fetch_data.py
      hash: md5
      md5: cc7dda22b86a3023420df8f97d1b165a
      size: 6718
    outs:
    - path: data/raw/estonia_weather.csv
      hash: md5
      md5: 41f1470a79cdd67c294f99887728262d
      size: 3412416
  preprocess:
    cmd: python -m src.preprocess
    deps:
    - path: data/raw/estonia_weather.csv
      hash: md5
      md5: 41f1470a79cdd67c294f99887728262d
      size: 3412416
    - path: params.yaml
      hash: md5
      md5: b1d6b5e45c75bfbeaba165c770e4fbee
      size: 3376
    - path: src/config.py
      hash: md5
      md5: e5812165483bc2f2a56b776ea7c1913d
      size: 299
    - path: src/preprocess.py
      hash: md5
      md5: c7581fc09d8c4affd2443b49d9083a80
      size: 2176
    outs:
    - path: data/processed/estonia_weather_modeling.csv
      hash: md5
      md5: 7b241bbb042fb1ac1b74bbcc7b828a04
      size: 3811517
  train:
    cmd: python -m src.train
    deps:
    - path: data/processed/estonia_weather_modeling.csv
      hash: md5
      md5: 7b241bbb042fb1ac1b74bbcc7b828a04
      size: 3811517
    - path: params.yaml
      hash: md5
      md5: b1d6b5e45c75bfbeaba165c770e4fbee
      size: 3376
    - path: src/train.py
      hash: md5
      md5: aac8afc9964af8a82c3f4e6382eb7b98
      size: 3108
    outs:
    - path: models/estonia_rain_model.joblib
      hash: md5
      md5: f2ad3a041b42adaa3cc5479f1d809230
      size: 5322
  evaluate:
    cmd: python -m src.evaluate
    deps:
    - path: data/processed/estonia_weather_modeling.csv
      hash: md5
      md5: 7b241bbb042fb1ac1b74bbcc7b828a04
      size: 3811517
    - path: models/estonia_rain_model.joblib
      hash: md5
      md5: f2ad3a041b42adaa3cc5479f1d809230
      size: 5322
    - path: params.yaml
      hash: md5
      md5: b1d6b5e45c75bfbeaba165c770e4fbee
      size: 3376
    - path: src/evaluate.py
      hash: md5
      md5: bd722a6ca102c442070ff6b1af4313aa
      size: 2049
    outs:
    - path: reports/metrics.json
      hash: md5
      md5: 289b14eec40bf3ed0d3da1c5f87d714e
      size: 262
